
Microsoft Visual Studio Solution File, Format Version 12.00
# Visual Studio Version 16
VisualStudioVersion = 16.0.30011.22
MinimumVisualStudioVersion = 10.0.40219.1
Project("{FAE04EC0-301F-11D3-BF4B-00C04F79EFBC}") = "Assignment4_2", "Assignment4_2\Assignment4_2.csproj", "{0D1150D3-BB76-4F22-844E-36A8F54ED0F1}"
EndProject
Global
	GlobalSection(SolutionConfigurationPlatforms) = preSolution
		Debug|Any CPU = Debug|Any CPU
		Release|Any CPU = Release|Any CPU
	EndGlobalSection
	GlobalSection(ProjectConfigurationPlatforms) = postSolution
		{0D1150D3-BB76-4F22-844E-36A8F54ED0F1}.Debug|Any CPU.ActiveCfg = Debug|Any CPU
		{0D1150D3-BB76-4F22-844E-36A8F54ED0F1}.Debug|Any CPU.Build.0 = Debug|Any CPU
		{0D1150D3-BB76-4F22-844E-36A8F54ED0F1}.Release|Any CPU.ActiveCfg = Release|Any CPU
		{0D1150D3-BB76-4F22-844E-36A8F54ED0F1}.Release|Any CPU.Build.0 = Release|Any CPU
	EndGlobalSection
	GlobalSection(SolutionProperties) = preSolution
		HideSolutionNode = FALSE
	EndGlobalSection
	GlobalSection(ExtensibilityGlobals) = postSolution
		SolutionGuid = {232C91FB-96A7-43C4-B471-60D8CBC3F19C}
	EndGlobalSection
EndGlobal
